
Microsoft Visual Studio Solution File, Format Version 12.00
# Visual Studio Version 17
VisualStudioVersion = 17.3.32825.248
MinimumVisualStudioVersion = 10.0.40219.1
Project("{9A19103F-16F7-4668-BE54-9A1E7A4F7556}") = "CalculadoraMtBraba", "CalculadoraMtBraba.csproj", "{9E2C7B32-1E29-4DA5-8A8E-A9D614AE6F13}"
EndProject
Global
	GlobalSection(SolutionConfigurationPlatforms) = preSolution
		Debug|Any CPU = Debug|Any CPU
		Release|Any CPU = Release|Any CPU
	EndGlobalSection
	GlobalSection(ProjectConfigurationPlatforms) = postSolution
		{9E2C7B32-1E29-4DA5-8A8E-A9D614AE6F13}.Debug|Any CPU.ActiveCfg = Debug|Any CPU
		{9E2C7B32-1E29-4DA5-8A8E-A9D614AE6F13}.Debug|Any CPU.Build.0 = Debug|Any CPU
		{9E2C7B32-1E29-4DA5-8A8E-A9D614AE6F13}.Release|Any CPU.ActiveCfg = Release|Any CPU
		{9E2C7B32-1E29-4DA5-8A8E-A9D614AE6F13}.Release|Any CPU.Build.0 = Release|Any CPU
	EndGlobalSection
	GlobalSection(SolutionProperties) = preSolution
		HideSolutionNode = FALSE
	EndGlobalSection
	GlobalSection(ExtensibilityGlobals) = postSolution
		SolutionGuid = {62022A98-7005-4A05-B9E0-27A80E5B6AC1}
	EndGlobalSection
EndGlobal
